// !$*UTF8*$!
{
	archiveVersion = 1;
	classes = {
	};
	objectVersion = 55;
	objects = {

/* Begin PBXBuildFile section */
		558141D7279F35D500576A66 /* Tests_iOS.swift in Sources */ = {isa = PBXBuildFile; fileRef = 558141D6279F35D500576A66 /* Tests_iOS.swift */; };
		558141D9279F35D500576A66 /* Tests_iOSLaunchTests.swift in Sources */ = {isa = PBXBuildFile; fileRef = 558141D8279F35D500576A66 /* Tests_iOSLaunchTests.swift */; };
		558141E3279F35D500576A66 /* Tests_macOS.swift in Sources */ = {isa = PBXBuildFile; fileRef = 558141E2279F35D500576A66 /* Tests_macOS.swift */; };
		558141E5279F35D500576A66 /* Tests_macOSLaunchTests.swift in Sources */ = {isa = PBXBuildFile; fileRef = 558141E4279F35D500576A66 /* Tests_macOSLaunchTests.swift */; };
		558141E6279F35D500576A66 /* ResolverExampleApp.swift in Sources */ = {isa = PBXBuildFile; fileRef = 558141BE279F35D300576A66 /* ResolverExampleApp.swift */; };
		558141E7279F35D500576A66 /* ResolverExampleApp.swift in Sources */ = {isa = PBXBuildFile; fileRef = 558141BE279F35D300576A66 /* ResolverExampleApp.swift */; };
		558141E8279F35D500576A66 /* ContentView.swift in Sources */ = {isa = PBXBuildFile; fileRef = 558141BF279F35D300576A66 /* ContentView.swift */; };
		558141E9279F35D500576A66 /* ContentView.swift in Sources */ = {isa = PBXBuildFile; fileRef = 558141BF279F35D300576A66 /* ContentView.swift */; };
		558141EA279F35D500576A66 /* Assets.xcassets in Resources */ = {isa = PBXBuildFile; fileRef = 558141C0279F35D500576A66 /* Assets.xcassets */; };
		558141EB279F35D500576A66 /* Assets.xcassets in Resources */ = {isa = PBXBuildFile; fileRef = 558141C0279F35D500576A66 /* Assets.xcassets */; };
/* End PBXBuildFile section */

/* Begin PBXContainerItemProxy section */
		558141D3279F35D500576A66 /* PBXContainerItemProxy */ = {
			isa = PBXContainerItemProxy;
			containerPortal = 558141B9279F35D300576A66 /* Project object */;
			proxyType = 1;
			remoteGlobalIDString = 558141C4279F35D500576A66;
			remoteInfo = "ResolverExample (iOS)";
		};
		558141DF279F35D500576A66 /* PBXContainerItemProxy */ = {
			isa = PBXContainerItemProxy;
			containerPortal = 558141B9279F35D300576A66 /* Project object */;
			proxyType = 1;
			remoteGlobalIDString = 558141CA279F35D500576A66;
			remoteInfo = "ResolverExample (macOS)";
		};
/* End PBXContainerItemProxy section */

/* Begin PBXFileReference section */
		558141BE279F35D300576A66 /* ResolverExampleApp.swift */ = {isa = PBXFileReference; lastKnownFileType = sourcecode.swift; path = ResolverExampleApp.swift; sourceTree = "<group>"; };
		558141BF279F35D300576A66 /* ContentView.swift */ = {isa = PBXFileReference; lastKnownFileType = sourcecode.swift; path = ContentView.swift; sourceTree = "<group>"; };
		558141C0279F35D500576A66 /* Assets.xcassets */ = {isa = PBXFileReference; lastKnownFileType = folder.assetcatalog; path = Assets.xcassets; sourceTree = "<group>"; };
		558141C5279F35D500576A66 /* ResolverExample.app */ = {isa = PBXFileReference; explicitFileType = wrapper.application; includeInIndex = 0; path = ResolverExample.app; sourceTree = BUILT_PRODUCTS_DIR; };
		558141CB279F35D500576A66 /* ResolverExample.app */ = {isa = PBXFileReference; explicitFileType = wrapper.application; includeInIndex = 0; path = ResolverExample.app; sourceTree = BUILT_PRODUCTS_DIR; };
		558141CD279F35D500576A66 /* macOS.entitlements */ = {isa = PBXFileReference; lastKnownFileType = text.plist.entitlements; path = macOS.entitlements; sourceTree = "<group>"; };
		558141D2279F35D500576A66 /* Tests iOS.xctest */ = {isa = PBXFileReference; explicitFileType = wrapper.cfbundle; includeInIndex = 0; path = "Tests iOS.xctest"; sourceTree = BUILT_PRODUCTS_DIR; };
		558141D6279F35D500576A66 /* Tests_iOS.swift */ = {isa = PBXFileReference; lastKnownFileType = sourcecode.swift; path = Tests_iOS.swift; sourceTree = "<group>"; };
		558141D8279F35D500576A66 /* Tests_iOSLaunchTests.swift */ = {isa = PBXFileReference; lastKnownFileType = sourcecode.swift; path = Tests_iOSLaunchTests.swift; sourceTree = "<group>"; };
		558141DE279F35D500576A66 /* Tests macOS.xctest */ = {isa = PBXFileReference; explicitFileType = wrapper.cfbundle; includeInIndex = 0; path = "Tests macOS.xctest"; sourceTree = BUILT_PRODUCTS_DIR; };
		558141E2279F35D500576A66 /* Tests_macOS.swift */ = {isa = PBXFileReference; lastKnownFileType = sourcecode.swift; path = Tests_macOS.swift; sourceTree = "<group>"; };
		558141E4279F35D500576A66 /* Tests_macOSLaunchTests.swift */ = {isa = PBXFileReference; lastKnownFileType = sourcecode.swift; path = Tests_macOSLaunchTests.swift; sourceTree = "<group>"; };
/* End PBXFileReference section */

/* Begin PBXFrameworksBuildPhase section */
		558141C2279F35D500576A66 /* Frameworks */ = {
			isa = PBXFrameworksBuildPhase;
			buildActionMask = 2147483647;
			files = (
			);
			runOnlyForDeploymentPostprocessing = 0;
		};
		558141C8279F35D500576A66 /* Frameworks */ = {
			isa = PBXFrameworksBuildPhase;
			buildActionMask = 2147483647;
			files = (
			);
			runOnlyForDeploymentPostprocessing = 0;
		};
		558141CF279F35D500576A66 /* Frameworks */ = {
			isa = PBXFrameworksBuildPhase;
			buildActionMask = 2147483647;
			files = (
			);
			runOnlyForDeploymentPostprocessing = 0;
		};
		558141DB279F35D500576A66 /* Frameworks */ = {
			isa = PBXFrameworksBuildPhase;
			buildActionMask = 2147483647;
			files = (
			);
			runOnlyForDeploymentPostprocessing = 0;
		};
/* End PBXFrameworksBuildPhase section */

/* Begin PBXGroup section */
		558141B8279F35D300576A66 = {
			isa = PBXGroup;
			children = (
				558141BD279F35D300576A66 /* Shared */,
				558141CC279F35D500576A66 /* macOS */,
				558141D5279F35D500576A66 /* Tests iOS */,
				558141E1279F35D500576A66 /* Tests macOS */,
				558141C6279F35D500576A66 /* Products */,
			);
			sourceTree = "<group>";
		};
		558141BD279F35D300576A66 /* Shared */ = {
			isa = PBXGroup;
			children = (
				558141BE279F35D300576A66 /* ResolverExampleApp.swift */,
				558141BF279F35D300576A66 /* ContentView.swift */,
				558141C0279F35D500576A66 /* Assets.xcassets */,
			);
			path = Shared;
			sourceTree = "<group>";
		};
		558141C6279F35D500576A66 /* Products */ = {
			isa = PBXGroup;
			children = (
				558141C5279F35D500576A66 /* ResolverExample.app */,
				558141CB279F35D500576A66 /* ResolverExample.app */,
				558141D2279F35D500576A66 /* Tests iOS.xctest */,
				558141DE279F35D500576A66 /* Tests macOS.xctest */,
			);
			name = Products;
			sourceTree = "<group>";
		};
		558141CC279F35D500576A66 /* macOS */ = {
			isa = PBXGroup;
			children = (
				558141CD279F35D500576A66 /* macOS.entitlements */,
			);
			path = macOS;
			sourceTree = "<group>";
		};
		558141D5279F35D500576A66 /* Tests iOS */ = {
			isa = PBXGroup;
			children = (
				558141D6279F35D500576A66 /* Tests_iOS.swift */,
				558141D8279F35D500576A66 /* Tests_iOSLaunchTests.swift */,
			);
			path = "Tests iOS";
			sourceTree = "<group>";
		};
		558141E1279F35D500576A66 /* Tests macOS */ = {
			isa = PBXGroup;
			children = (
				558141E2279F35D500576A66 /* Tests_macOS.swift */,
				558141E4279F35D500576A66 /* Tests_macOSLaunchTests.swift */,
			);
			path = "Tests macOS";
			sourceTree = "<group>";
		};
/* End PBXGroup section */

/* Begin PBXNativeTarget section */
		558141C4279F35D500576A66 /* ResolverExample (iOS) */ = {
			isa = PBXNativeTarget;
			buildConfigurationList = 558141EE279F35D500576A66 /* Build configuration list for PBXNativeTarget "ResolverExample (iOS)" */;
			buildPhases = (
				558141C1279F35D500576A66 /* Sources */,
				558141C2279F35D500576A66 /* Frameworks */,
				558141C3279F35D500576A66 /* Resources */,
			);
			buildRules = (
			);
			dependencies = (
			);
			name = "ResolverExample (iOS)";
			productName = "ResolverExample (iOS)";
			productReference = 558141C5279F35D500576A66 /* ResolverExample.app */;
			productType = "com.apple.product-type.application";
		};
		558141CA279F35D500576A66 /* ResolverExample (macOS) */ = {
			isa = PBXNativeTarget;
			buildConfigurationList = 558141F1279F35D500576A66 /* Build configuration list for PBXNativeTarget "ResolverExample (macOS)" */;
			buildPhases = (
				558141C7279F35D500576A66 /* Sources */,
				558141C8279F35D500576A66 /* Frameworks */,
				558141C9279F35D500576A66 /* Resources */,
			);
			buildRules = (
			);
			dependencies = (
			);
			name = "ResolverExample (macOS)";
			productName = "ResolverExample (macOS)";
			productReference = 558141CB279F35D500576A66 /* ResolverExample.app */;
			productType = "com.apple.product-type.application";
		};
		558141D1279F35D500576A66 /* Tests iOS */ = {
			isa = PBXNativeTarget;
			buildConfigurationList = 558141F4279F35D500576A66 /* Build configuration list for PBXNativeTarget "Tests iOS" */;
			buildPhases = (
				558141CE279F35D500576A66 /* Sources */,
				558141CF279F35D500576A66 /* Frameworks */,
				558141D0279F35D500576A66 /* Resources */,
			);
			buildRules = (
			);
			dependencies = (
				558141D4279F35D500576A66 /* PBXTargetDependency */,
			);
			name = "Tests iOS";
			productName = "Tests iOS";
			productReference = 558141D2279F35D500576A66 /* Tests iOS.xctest */;
			productType = "com.apple.product-type.bundle.ui-testing";
		};
		558141DD279F35D500576A66 /* Tests macOS */ = {
			isa = PBXNativeTarget;
			buildConfigurationList = 558141F7279F35D500576A66 /* Build configuration list for PBXNativeTarget "Tests macOS" */;
			buildPhases = (
				558141DA279F35D500576A66 /* Sources */,
				558141DB279F35D500576A66 /* Frameworks */,
				558141DC279F35D500576A66 /* Resources */,
			);
			buildRules = (
			);
			dependencies = (
				558141E0279F35D500576A66 /* PBXTargetDependency */,
			);
			name = "Tests macOS";
			productName = "Tests macOS";
			productReference = 558141DE279F35D500576A66 /* Tests macOS.xctest */;
			productType = "com.apple.product-type.bundle.ui-testing";
		};
/* End PBXNativeTarget section */

/* Begin PBXProject section */
		558141B9279F35D300576A66 /* Project object */ = {
			isa = PBXProject;
			attributes = {
				BuildIndependentTargetsInParallel = 1;
				LastSwiftUpdateCheck = 1320;
				LastUpgradeCheck = 1320;
				TargetAttributes = {
					558141C4279F35D500576A66 = {
						CreatedOnToolsVersion = 13.2.1;
					};
					558141CA279F35D500576A66 = {
						CreatedOnToolsVersion = 13.2.1;
					};
					558141D1279F35D500576A66 = {
						CreatedOnToolsVersion = 13.2.1;
						TestTargetID = 558141C4279F35D500576A66;
					};
					558141DD279F35D500576A66 = {
						CreatedOnToolsVersion = 13.2.1;
						TestTargetID = 558141CA279F35D500576A66;
					};
				};
			};
			buildConfigurationList = 558141BC279F35D300576A66 /* Build configuration list for PBXProject "ResolverExample" */;
			compatibilityVersion = "Xcode 13.0";
			developmentRegion = en;
			hasScannedForEncodings = 0;
			knownRegions = (
				en,
				Base,
			);
			mainGroup = 558141B8279F35D300576A66;
			productRefGroup = 558141C6279F35D500576A66 /* Products */;
			projectDirPath = "";
			projectRoot = "";
			targets = (
				558141C4279F35D500576A66 /* ResolverExample (iOS) */,
				558141CA279F35D500576A66 /* ResolverExample (macOS) */,
				558141D1279F35D500576A66 /* Tests iOS */,
				558141DD279F35D500576A66 /* Tests macOS */,
			);
		};
/* End PBXProject section */

/* Begin PBXResourcesBuildPhase section */
		558141C3279F35D500576A66 /* Resources */ = {
			isa = PBXResourcesBuildPhase;
			buildActionMask = 2147483647;
			files = (
				558141EA279F35D500576A66 /* Assets.xcassets in Resources */,
			);
			runOnlyForDeploymentPostprocessing = 0;
		};
		558141C9279F35D500576A66 /* Resources */ = {
			isa = PBXResourcesBuildPhase;
			buildActionMask = 2147483647;
			files = (
				558141EB279F35D500576A66 /* Assets.xcassets in Resources */,
			);
			runOnlyForDeploymentPostprocessing = 0;
		};
		558141D0279F35D500576A66 /* Resources */ = {
			isa = PBXResourcesBuildPhase;
			buildActionMask = 2147483647;
			files = (
			);
			runOnlyForDeploymentPostprocessing = 0;
		};
		558141DC279F35D500576A66 /* Resources */ = {
			isa = PBXResourcesBuildPhase;
			buildActionMask = 2147483647;
			files = (
			);
			runOnlyForDeploymentPostprocessing = 0;
		};
/* End PBXResourcesBuildPhase section */

/* Begin PBXSourcesBuildPhase section */
		558141C1279F35D500576A66 /* Sources */ = {
			isa = PBXSourcesBuildPhase;
			buildActionMask = 2147483647;
			files = (
				558141E8279F35D500576A66 /* ContentView.swift in Sources */,
				558141E6279F35D500576A66 /* ResolverExampleApp.swift in Sources */,
			);
			runOnlyForDeploymentPostprocessing = 0;
		};
		558141C7279F35D500576A66 /* Sources */ = {
			isa = PBXSourcesBuildPhase;
			buildActionMask = 2147483647;
			files = (
				558141E9279F35D500576A66 /* ContentView.swift in Sources */,
				558141E7279F35D500576A66 /* ResolverExampleApp.swift in Sources */,
			);
			runOnlyForDeploymentPostprocessing = 0;
		};
		558141CE279F35D500576A66 /* Sources */ = {
			isa = PBXSourcesBuildPhase;
			buildActionMask = 2147483647;
			files = (
				558141D9279F35D500576A66 /* Tests_iOSLaunchTests.swift in Sources */,
				558141D7279F35D500576A66 /* Tests_iOS.swift in Sources */,
			);
			runOnlyForDeploymentPostprocessing = 0;
		};
		558141DA279F35D500576A66 /* Sources */ = {
			isa = PBXSourcesBuildPhase;
			buildActionMask = 2147483647;
			files = (
				558141E5279F35D500576A66 /* Tests_macOSLaunchTests.swift in Sources */,
				558141E3279F35D500576A66 /* Tests_macOS.swift in Sources */,
			);
			runOnlyForDeploymentPostprocessing = 0;
		};
/* End PBXSourcesBuildPhase section */

/* Begin PBXTargetDependency section */
		558141D4279F35D500576A66 /* PBXTargetDependency */ = {
			isa = PBXTargetDependency;
			target = 558141C4279F35D500576A66 /* ResolverExample (iOS) */;
			targetProxy = 558141D3279F35D500576A66 /* PBXContainerItemProxy */;
		};
		558141E0279F35D500576A66 /* PBXTargetDependency */ = {
			isa = PBXTargetDependency;
			target = 558141CA279F35D500576A66 /* ResolverExample (macOS) */;
			targetProxy = 558141DF279F35D500576A66 /* PBXContainerItemProxy */;
		};
/* End PBXTargetDependency section */

/* Begin XCBuildConfiguration section */
		558141EC279F35D500576A66 /* Debug */ = {
			isa = XCBuildConfiguration;
			buildSettings = {
				ALWAYS_SEARCH_USER_PATHS = NO;
				CLANG_ANALYZER_NONNULL = YES;
				CLANG_ANALYZER_NUMBER_OBJECT_CONVERSION = YES_AGGRESSIVE;
				CLANG_CXX_LANGUAGE_STANDARD = "gnu++17";
				CLANG_CXX_LIBRARY = "libc++";
				CLANG_ENABLE_MODULES = YES;
				CLANG_ENABLE_OBJC_ARC = YES;
				CLANG_ENABLE_OBJC_WEAK = YES;
				CLANG_WARN_BLOCK_CAPTURE_AUTORELEASING = YES;
				CLANG_WARN_BOOL_CONVERSION = YES;
				CLANG_WARN_COMMA = YES;
				CLANG_WARN_CONSTANT_CONVERSION = YES;
				CLANG_WARN_DEPRECATED_OBJC_IMPLEMENTATIONS = YES;
				CLANG_WARN_DIRECT_OBJC_ISA_USAGE = YES_ERROR;
				CLANG_WARN_DOCUMENTATION_COMMENTS = YES;
				CLANG_WARN_EMPTY_BODY = YES;
				CLANG_WARN_ENUM_CONVERSION = YES;
				CLANG_WARN_INFINITE_RECURSION = YES;
				CLANG_WARN_INT_CONVERSION = YES;
				CLANG_WARN_NON_LITERAL_NULL_CONVERSION = YES;
				CLANG_WARN_OBJC_IMPLICIT_RETAIN_SELF = YES;
				CLANG_WARN_OBJC_LITERAL_CONVERSION = YES;
				CLANG_WARN_OBJC_ROOT_CLASS = YES_ERROR;
				CLANG_WARN_QUOTED_INCLUDE_IN_FRAMEWORK_HEADER = YES;
				CLANG_WARN_RANGE_LOOP_ANALYSIS = YES;
				CLANG_WARN_STRICT_PROTOTYPES = YES;
				CLANG_WARN_SUSPICIOUS_MOVE = YES;
				CLANG_WARN_UNGUARDED_AVAILABILITY = YES_AGGRESSIVE;
				CLANG_WARN_UNREACHABLE_CODE = YES;
				CLANG_WARN__DUPLICATE_METHOD_MATCH = YES;
				COPY_PHASE_STRIP = NO;
				DEBUG_INFORMATION_FORMAT = dwarf;
				ENABLE_STRICT_OBJC_MSGSEND = YES;
				ENABLE_TESTABILITY = YES;
				GCC_C_LANGUAGE_STANDARD = gnu11;
				GCC_DYNAMIC_NO_PIC = NO;
				GCC_NO_COMMON_BLOCKS = YES;
				GCC_OPTIMIZATION_LEVEL = 0;
				GCC_PREPROCESSOR_DEFINITIONS = (
					"DEBUG=1",
					"$(inherited)",
				);
				GCC_WARN_64_TO_32_BIT_CONVERSION = YES;
				GCC_WARN_ABOUT_RETURN_TYPE = YES_ERROR;
				GCC_WARN_UNDECLARED_SELECTOR = YES;
				GCC_WARN_UNINITIALIZED_AUTOS = YES_AGGRESSIVE;
				GCC_WARN_UNUSED_FUNCTION = YES;
				GCC_WARN_UNUSED_VARIABLE = YES;
				MTL_ENABLE_DEBUG_INFO = INCLUDE_SOURCE;
				MTL_FAST_MATH = YES;
				ONLY_ACTIVE_ARCH = YES;
				SWIFT_ACTIVE_COMPILATION_CONDITIONS = DEBUG;
				SWIFT_OPTIMIZATION_LEVEL = "-Onone";
			};
			name = Debug;
		};
		558141ED279F35D500576A66 /* Release */ = {
			isa = XCBuildConfiguration;
			buildSettings = {
				ALWAYS_SEARCH_USER_PATHS = NO;
				CLANG_ANALYZER_NONNULL = YES;
				CLANG_ANALYZER_NUMBER_OBJECT_CONVERSION = YES_AGGRESSIVE;
				CLANG_CXX_LANGUAGE_STANDARD = "gnu++17";
				CLANG_CXX_LIBRARY = "libc++";
				CLANG_ENABLE_MODULES = YES;
				CLANG_ENABLE_OBJC_ARC = YES;
				CLANG_ENABLE_OBJC_WEAK = YES;
				CLANG_WARN_BLOCK_CAPTURE_AUTORELEASING = YES;
				CLANG_WARN_BOOL_CONVERSION = YES;
				CLANG_WARN_COMMA = YES;
				CLANG_WARN_CONSTANT_CONVERSION = YES;
				CLANG_WARN_DEPRECATED_OBJC_IMPLEMENTATIONS = YES;
				CLANG_WARN_DIRECT_OBJC_ISA_USAGE = YES_ERROR;
				CLANG_WARN_DOCUMENTATION_COMMENTS = YES;
				CLANG_WARN_EMPTY_BODY = YES;
				CLANG_WARN_ENUM_CONVERSION = YES;
				CLANG_WARN_INFINITE_RECURSION = YES;
				CLANG_WARN_INT_CONVERSION = YES;
				CLANG_WARN_NON_LITERAL_NULL_CONVERSION = YES;
				CLANG_WARN_OBJC_IMPLICIT_RETAIN_SELF = YES;
				CLANG_WARN_OBJC_LITERAL_CONVERSION = YES;
				CLANG_WARN_OBJC_ROOT_CLASS = YES_ERROR;
				CLANG_WARN_QUOTED_INCLUDE_IN_FRAMEWORK_HEADER = YES;
				CLANG_WARN_RANGE_LOOP_ANALYSIS = YES;
				CLANG_WARN_STRICT_PROTOTYPES = YES;
				CLANG_WARN_SUSPICIOUS_MOVE = YES;
				CLANG_WARN_UNGUARDED_AVAILABILITY = YES_AGGRESSIVE;
				CLANG_WARN_UNREACHABLE_CODE = YES;
				CLANG_WARN__DUPLICATE_METHOD_MATCH = YES;
				COPY_PHASE_STRIP = NO;
				DEBUG_INFORMATION_FORMAT = "dwarf-with-dsym";
				ENABLE_NS_ASSERTIONS = NO;
				ENABLE_STRICT_OBJC_MSGSEND = YES;
				GCC_C_LANGUAGE_STANDARD = gnu11;
				GCC_NO_COMMON_BLOCKS = YES;
				GCC_WARN_64_TO_32_BIT_CONVERSION = YES;
				GCC_WARN_ABOUT_RETURN_TYPE = YES_ERROR;
				GCC_WARN_UNDECLARED_SELECTOR = YES;
				GCC_WARN_UNINITIALIZED_AUTOS = YES_AGGRESSIVE;
				GCC_WARN_UNUSED_FUNCTION = YES;
				GCC_WARN_UNUSED_VARIABLE = YES;
				MTL_ENABLE_DEBUG_INFO = NO;
				MTL_FAST_MATH = YES;
				SWIFT_COMPILATION_MODE = wholemodule;
				SWIFT_OPTIMIZATION_LEVEL = "-O";
			};
			name = Release;
		};
		558141EF279F35D500576A66 /* Debug */ = {
			isa = XCBuildConfiguration;
			buildSettings = {
				ASSETCATALOG_COMPILER_APPICON_NAME = AppIcon;
				ASSETCATALOG_COMPILER_GLOBAL_ACCENT_COLOR_NAME = AccentColor;
				CODE_SIGN_STYLE = Automatic;
				CURRENT_PROJECT_VERSION = 1;
				DEVELOPMENT_TEAM = 6V265XU6C3;
				ENABLE_PREVIEWS = YES;
				GENERATE_INFOPLIST_FILE = YES;
				INFOPLIST_KEY_UIApplicationSceneManifest_Generation = YES;
				INFOPLIST_KEY_UIApplicationSupportsIndirectInputEvents = YES;
				INFOPLIST_KEY_UILaunchScreen_Generation = YES;
				INFOPLIST_KEY_UISupportedInterfaceOrientations_iPad = "UIInterfaceOrientationPortrait UIInterfaceOrientationPortraitUpsideDown UIInterfaceOrientationLandscapeLeft UIInterfaceOrientationLandscapeRight";
				INFOPLIST_KEY_UISupportedInterfaceOrientations_iPhone = "UIInterfaceOrientationPortrait UIInterfaceOrientationLandscapeLeft UIInterfaceOrientationLandscapeRight";
				IPHONEOS_DEPLOYMENT_TARGET = 15.2;
				LD_RUNPATH_SEARCH_PATHS = (
					"$(inherited)",
					"@executable_path/Frameworks",
				);
				MARKETING_VERSION = 1.0;
				PRODUCT_BUNDLE_IDENTIFIER = com.examples.ResolverExample;
				PRODUCT_NAME = ResolverExample;
				SDKROOT = iphoneos;
				SWIFT_EMIT_LOC_STRINGS = YES;
				SWIFT_VERSION = 5.0;
				TARGETED_DEVICE_FAMILY = "1,2";
			};
			name = Debug;
		};
		558141F0279F35D500576A66 /* Release */ = {
			isa = XCBuildConfiguration;
			buildSettings = {
				ASSETCATALOG_COMPILER_APPICON_NAME = AppIcon;
				ASSETCATALOG_COMPILER_GLOBAL_ACCENT_COLOR_NAME = AccentColor;
				CODE_SIGN_STYLE = Automatic;
				CURRENT_PROJECT_VERSION = 1;
				DEVELOPMENT_TEAM = 6V265XU6C3;
				ENABLE_PREVIEWS = YES;
				GENERATE_INFOPLIST_FILE = YES;
				INFOPLIST_KEY_UIApplicationSceneManifest_Generation = YES;
				INFOPLIST_KEY_UIApplicationSupportsIndirectInputEvents = YES;
				INFOPLIST_KEY_UILaunchScreen_Generation = YES;
				INFOPLIST_KEY_UISupportedInterfaceOrientations_iPad = "UIInterfaceOrientationPortrait UIInterfaceOrientationPortraitUpsideDown UIInterfaceOrientationLandscapeLeft UIInterfaceOrientationLandscapeRight";
				INFOPLIST_KEY_UISupportedInterfaceOrientations_iPhone = "UIInterfaceOrientationPortrait UIInterfaceOrientationLandscapeLeft UIInterfaceOrientationLandscapeRight";
				IPHONEOS_DEPLOYMENT_TARGET = 15.2;
				LD_RUNPATH_SEARCH_PATHS = (
					"$(inherited)",
					"@executable_path/Frameworks",
				);
				MARKETING_VERSION = 1.0;
				PRODUCT_BUNDLE_IDENTIFIER = com.examples.ResolverExample;
				PRODUCT_NAME = ResolverExample;
				SDKROOT = iphoneos;
				SWIFT_EMIT_LOC_STRINGS = YES;
				SWIFT_VERSION = 5.0;
				TARGETED_DEVICE_FAMILY = "1,2";
				VALIDATE_PRODUCT = YES;
			};
			name = Release;
		};
		558141F2279F35D500576A66 /* Debug */ = {
			isa = XCBuildConfiguration;
			buildSettings = {
				ASSETCATALOG_COMPILER_APPICON_NAME = AppIcon;
				ASSETCATALOG_COMPILER_GLOBAL_ACCENT_COLOR_NAME = AccentColor;
				CODE_SIGN_ENTITLEMENTS = macOS/macOS.entitlements;
				CODE_SIGN_STYLE = Automatic;
				COMBINE_HIDPI_IMAGES = YES;
				CURRENT_PROJECT_VERSION = 1;
				DEVELOPMENT_TEAM = 6V265XU6C3;
				ENABLE_HARDENED_RUNTIME = YES;
				ENABLE_PREVIEWS = YES;
				GENERATE_INFOPLIST_FILE = YES;
				INFOPLIST_KEY_NSHumanReadableCopyright = "";
				LD_RUNPATH_SEARCH_PATHS = (
					"$(inherited)",
					"@executable_path/../Frameworks",
				);
				MACOSX_DEPLOYMENT_TARGET = 12.1;
				MARKETING_VERSION = 1.0;
				PRODUCT_BUNDLE_IDENTIFIER = com.examples.ResolverExample;
				PRODUCT_NAME = ResolverExample;
				SDKROOT = macosx;
				SWIFT_EMIT_LOC_STRINGS = YES;
				SWIFT_VERSION = 5.0;
			};
			name = Debug;
		};
		558141F3279F35D500576A66 /* Release */ = {
			isa = XCBuildConfiguration;
			buildSettings = {
				ASSETCATALOG_COMPILER_APPICON_NAME = AppIcon;
				ASSETCATALOG_COMPILER_GLOBAL_ACCENT_COLOR_NAME = AccentColor;
				CODE_SIGN_ENTITLEMENTS = macOS/macOS.entitlements;
				CODE_SIGN_STYLE = Automatic;
				COMBINE_HIDPI_IMAGES = YES;
				CURRENT_PROJECT_VERSION = 1;
				DEVELOPMENT_TEAM = 6V265XU6C3;
				ENABLE_HARDENED_RUNTIME = YES;
				ENABLE_PREVIEWS = YES;
				GENERATE_INFOPLIST_FILE = YES;
				INFOPLIST_KEY_NSHumanReadableCopyright = "";
				LD_RUNPATH_SEARCH_PATHS = (
					"$(inherited)",
					"@executable_path/../Frameworks",
				);
				MACOSX_DEPLOYMENT_TARGET = 12.1;
				MARKETING_VERSION = 1.0;
				PRODUCT_BUNDLE_IDENTIFIER = com.examples.ResolverExample;
				PRODUCT_NAME = ResolverExample;
				SDKROOT = macosx;
				SWIFT_EMIT_LOC_STRINGS = YES;
				SWIFT_VERSION = 5.0;
			};
			name = Release;
		};
		558141F5279F35D500576A66 /* Debug */ = {
			isa = XCBuildConfiguration;
			buildSettings = {
				ALWAYS_EMBED_SWIFT_STANDARD_LIBRARIES = YES;
				CODE_SIGN_STYLE = Automatic;
				CURRENT_PROJECT_VERSION = 1;
				DEVELOPMENT_TEAM = 6V265XU6C3;
				GENERATE_INFOPLIST_FILE = YES;
				IPHONEOS_DEPLOYMENT_TARGET = 15.2;
				MARKETING_VERSION = 1.0;
				PRODUCT_BUNDLE_IDENTIFIER = "com.examples.Tests-iOS";
				PRODUCT_NAME = "$(TARGET_NAME)";
				SDKROOT = iphoneos;
				SWIFT_EMIT_LOC_STRINGS = NO;
				SWIFT_VERSION = 5.0;
				TARGETED_DEVICE_FAMILY = "1,2";
				TEST_TARGET_NAME = "ResolverExample (iOS)";
			};
			name = Debug;
		};
		558141F6279F35D500576A66 /* Release */ = {
			isa = XCBuildConfiguration;
			buildSettings = {
				ALWAYS_EMBED_SWIFT_STANDARD_LIBRARIES = YES;
				CODE_SIGN_STYLE = Automatic;
				CURRENT_PROJECT_VERSION = 1;
				DEVELOPMENT_TEAM = 6V265XU6C3;
				GENERATE_INFOPLIST_FILE = YES;
				IPHONEOS_DEPLOYMENT_TARGET = 15.2;
				MARKETING_VERSION = 1.0;
				PRODUCT_BUNDLE_IDENTIFIER = "com.examples.Tests-iOS";
				PRODUCT_NAME = "$(TARGET_NAME)";
				SDKROOT = iphoneos;
				SWIFT_EMIT_LOC_STRINGS = NO;
				SWIFT_VERSION = 5.0;
				TARGETED_DEVICE_FAMILY = "1,2";
				TEST_TARGET_NAME = "ResolverExample (iOS)";
				VALIDATE_PRODUCT = YES;
			};
			name = Release;
		};
		558141F8279F35D500576A66 /* Debug */ = {
			isa = XCBuildConfiguration;
			buildSettings = {
				ALWAYS_EMBED_SWIFT_STANDARD_LIBRARIES = YES;
				CODE_SIGN_STYLE = Automatic;
				CURRENT_PROJECT_VERSION = 1;
				DEVELOPMENT_TEAM = 6V265XU6C3;
				GENERATE_INFOPLIST_FILE = YES;
				MACOSX_DEPLOYMENT_TARGET = 12.1;
				MARKETING_VERSION = 1.0;
				PRODUCT_BUNDLE_IDENTIFIER = "com.examples.Tests-macOS";
				PRODUCT_NAME = "$(TARGET_NAME)";
				SDKROOT = macosx;
				SWIFT_EMIT_LOC_STRINGS = NO;
				SWIFT_VERSION = 5.0;
				TEST_TARGET_NAME = "ResolverExample (macOS)";
			};
			name = Debug;
		};
		558141F9279F35D500576A66 /* Release */ = {
			isa = XCBuildConfiguration;
			buildSettings = {
				ALWAYS_EMBED_SWIFT_STANDARD_LIBRARIES = YES;
				CODE_SIGN_STYLE = Automatic;
				CURRENT_PROJECT_VERSION = 1;
				DEVELOPMENT_TEAM = 6V265XU6C3;
				GENERATE_INFOPLIST_FILE = YES;
				MACOSX_DEPLOYMENT_TARGET = 12.1;
				MARKETING_VERSION = 1.0;
				PRODUCT_BUNDLE_IDENTIFIER = "com.examples.Tests-macOS";
				PRODUCT_NAME = "$(TARGET_NAME)";
				SDKROOT = macosx;
				SWIFT_EMIT_LOC_STRINGS = NO;
				SWIFT_VERSION = 5.0;
				TEST_TARGET_NAME = "ResolverExample (macOS)";
			};
			name = Release;
		};
/* End XCBuildConfiguration section */

/* Begin XCConfigurationList section */
		558141BC279F35D300576A66 /* Build configuration list for PBXProject "ResolverExample" */ = {
			isa = XCConfigurationList;
			buildConfigurations = (
				558141EC279F35D500576A66 /* Debug */,
				558141ED279F35D500576A66 /* Release */,
			);
			defaultConfigurationIsVisible = 0;
			defaultConfigurationName = Release;
		};
		558141EE279F35D500576A66 /* Build configuration list for PBXNativeTarget "ResolverExample (iOS)" */ = {
			isa = XCConfigurationList;
			buildConfigurations = (
				558141EF279F35D500576A66 /* Debug */,
				558141F0279F35D500576A66 /* Release */,
			);
			defaultConfigurationIsVisible = 0;
			defaultConfigurationName = Release;
		};
		558141F1279F35D500576A66 /* Build configuration list for PBXNativeTarget "ResolverExample (macOS)" */ = {
			isa = XCConfigurationList;
			buildConfigurations = (
				558141F2279F35D500576A66 /* Debug */,
				558141F3279F35D500576A66 /* Release */,
			);
			defaultConfigurationIsVisible = 0;
			defaultConfigurationName = Release;
		};
		558141F4279F35D500576A66 /* Build configuration list for PBXNativeTarget "Tests iOS" */ = {
			isa = XCConfigurationList;
			buildConfigurations = (
				558141F5279F35D500576A66 /* Debug */,
				558141F6279F35D500576A66 /* Release */,
			);
			defaultConfigurationIsVisible = 0;
			defaultConfigurationName = Release;
		};
		558141F7279F35D500576A66 /* Build configuration list for PBXNativeTarget "Tests macOS" */ = {
			isa = XCConfigurationList;
			buildConfigurations = (
				558141F8279F35D500576A66 /* Debug */,
				558141F9279F35D500576A66 /* Release */,
			);
			defaultConfigurationIsVisible = 0;
			defaultConfigurationName = Release;
		};
/* End XCConfigurationList section */
	};
	rootObject = 558141B9279F35D300576A66 /* Project object */;
}
